// !$*UTF8*$!
{
	archiveVersion = 1;
	classes = {
	};
	objectVersion = 46;
	objects = {

/* Begin PBXBuildFile section */
		13B07FBC1A68108700A75B9A /* AppDelegate.m in Sources */ = {isa = PBXBuildFile; fileRef = 13B07FB01A68108700A75B9A /* AppDelegate.m */; };
		13B07FBF1A68108700A75B9A /* Images.xcassets in Resources */ = {isa = PBXBuildFile; fileRef = 13B07FB51A68108700A75B9A /* Images.xcassets */; };
		13B07FC11A68108700A75B9A /* main.m in Sources */ = {isa = PBXBuildFile; fileRef = 13B07FB71A68108700A75B9A /* main.m */; };
		27B27CB6260D90D20065DD2C /* main.jsbundle in Resources */ = {isa = PBXBuildFile; fileRef = 27B27C8C260D90D10065DD2C /* main.jsbundle */; };
		27B27CB7260D90D20065DD2C /* back-icon@3x.png in Resources */ = {isa = PBXBuildFile; fileRef = 27B27C95260D90D10065DD2C /* back-icon@3x.png */; };
		27B27CB8260D90D20065DD2C /* back-icon@2x.png in Resources */ = {isa = PBXBuildFile; fileRef = 27B27C96260D90D10065DD2C /* back-icon@2x.png */; };
		27B27CB9260D90D20065DD2C /* back-icon.png in Resources */ = {isa = PBXBuildFile; fileRef = 27B27C97260D90D10065DD2C /* back-icon.png */; };
		27B27CBA260D90D20065DD2C /* back-icon-mask.png in Resources */ = {isa = PBXBuildFile; fileRef = 27B27C98260D90D20065DD2C /* back-icon-mask.png */; };
		27B27CBB260D90D20065DD2C /* success.png in Resources */ = {isa = PBXBuildFile; fileRef = 27B27C9E260D90D20065DD2C /* success.png */; };
		27B27CBC260D90D20065DD2C /* icon_pic.png in Resources */ = {isa = PBXBuildFile; fileRef = 27B27CA0260D90D20065DD2C /* icon_pic.png */; };
		27B27CBD260D90D20065DD2C /* icon_close.png in Resources */ = {isa = PBXBuildFile; fileRef = 27B27CA1260D90D20065DD2C /* icon_close.png */; };
		27B27CBE260D90D20065DD2C /* play.png in Resources */ = {isa = PBXBuildFile; fileRef = 27B27CA6260D90D20065DD2C /* play.png */; };
		27B27CBF260D90D20065DD2C /* loading-warn.png in Resources */ = {isa = PBXBuildFile; fileRef = 27B27CA7260D90D20065DD2C /* loading-warn.png */; };
		27B27CC0260D90D20065DD2C /* loading.png in Resources */ = {isa = PBXBuildFile; fileRef = 27B27CA8260D90D20065DD2C /* loading.png */; };
		27B27CC1260D90D20065DD2C /* comm_form_icon_gouxuan.png in Resources */ = {isa = PBXBuildFile; fileRef = 27B27CAC260D90D20065DD2C /* comm_form_icon_gouxuan.png */; };
		27B27CC2260D90D20065DD2C /* yz_prop_icon_arrow.png in Resources */ = {isa = PBXBuildFile; fileRef = 27B27CAD260D90D20065DD2C /* yz_prop_icon_arrow.png */; };
		27B27CC3260D90D20065DD2C /* esf_calculator_img_building.png in Resources */ = {isa = PBXBuildFile; fileRef = 27B27CAE260D90D20065DD2C /* esf_calculator_img_building.png */; };
		27B27CC4260D90D20065DD2C /* yz_prop_icon_arrow_white.png in Resources */ = {isa = PBXBuildFile; fileRef = 27B27CAF260D90D20065DD2C /* yz_prop_icon_arrow_white.png */; };
		27B27CC5260D90D20065DD2C /* esf_calculator_icon_close.png in Resources */ = {isa = PBXBuildFile; fileRef = 27B27CB0260D90D20065DD2C /* esf_calculator_icon_close.png */; };
		27B27CC6260D90D20065DD2C /* comm_form_icon_weigouxuan.png in Resources */ = {isa = PBXBuildFile; fileRef = 27B27CB1260D90D20065DD2C /* comm_form_icon_weigouxuan.png */; };
		27B27CC7260D90D20065DD2C /* esf_calculator_icon_question.png in Resources */ = {isa = PBXBuildFile; fileRef = 27B27CB2260D90D20065DD2C /* esf_calculator_icon_question.png */; };
		27B27CC8260D90D20065DD2C /* esf_calculator_img_percent.png in Resources */ = {isa = PBXBuildFile; fileRef = 27B27CB3260D90D20065DD2C /* esf_calculator_img_percent.png */; };
		27B27CC9260D90D20065DD2C /* esf_calculator_img_mark.png in Resources */ = {isa = PBXBuildFile; fileRef = 27B27CB4260D90D20065DD2C /* esf_calculator_img_mark.png */; };
		27B27CCA260D90D20065DD2C /* esf_calculator_img_bggradient.png in Resources */ = {isa = PBXBuildFile; fileRef = 27B27CB5260D90D20065DD2C /* esf_calculator_img_bggradient.png */; };
		81AB9BB82411601600AC10FF /* LaunchScreen.storyboard in Resources */ = {isa = PBXBuildFile; fileRef = 81AB9BB72411601600AC10FF /* LaunchScreen.storyboard */; };
		8C30C5B34B7375F09822F1CC /* libPods-taroDemo.a in Frameworks */ = {isa = PBXBuildFile; fileRef = FAD72A9FDA01C565E8774A2A /* libPods-taroDemo.a */; };
/* End PBXBuildFile section */

/* Begin PBXFileReference section */
		00E356F11AD99517003FC87E /* Info.plist */ = {isa = PBXFileReference; lastKnownFileType = text.plist.xml; path = Info.plist; sourceTree = "<group>"; };
		00E356F21AD99517003FC87E /* taroDemoTests.m */ = {isa = PBXFileReference; lastKnownFileType = sourcecode.c.objc; path = taroDemoTests.m; sourceTree = "<group>"; };
		13B07F961A680F5B00A75B9A /* taroDemo.app */ = {isa = PBXFileReference; explicitFileType = wrapper.application; includeInIndex = 0; path = taroDemo.app; sourceTree = BUILT_PRODUCTS_DIR; };
		13B07FAF1A68108700A75B9A /* AppDelegate.h */ = {isa = PBXFileReference; fileEncoding = 4; lastKnownFileType = sourcecode.c.h; name = AppDelegate.h; path = taroDemo/AppDelegate.h; sourceTree = "<group>"; };
		13B07FB01A68108700A75B9A /* AppDelegate.m */ = {isa = PBXFileReference; fileEncoding = 4; lastKnownFileType = sourcecode.c.objc; name = AppDelegate.m; path = taroDemo/AppDelegate.m; sourceTree = "<group>"; };
		13B07FB51A68108700A75B9A /* Images.xcassets */ = {isa = PBXFileReference; lastKnownFileType = folder.assetcatalog; name = Images.xcassets; path = taroDemo/Images.xcassets; sourceTree = "<group>"; };
		13B07FB61A68108700A75B9A /* Info.plist */ = {isa = PBXFileReference; fileEncoding = 4; lastKnownFileType = text.plist.xml; name = Info.plist; path = taroDemo/Info.plist; sourceTree = "<group>"; };
		13B07FB71A68108700A75B9A /* main.m */ = {isa = PBXFileReference; fileEncoding = 4; lastKnownFileType = sourcecode.c.objc; name = main.m; path = taroDemo/main.m; sourceTree = "<group>"; };
		27B27C8C260D90D10065DD2C /* main.jsbundle */ = {isa = PBXFileReference; fileEncoding = 4; lastKnownFileType = text; path = main.jsbundle; sourceTree = "<group>"; };
		27B27C95260D90D10065DD2C /* back-icon@3x.png */ = {isa = PBXFileReference; lastKnownFileType = image.png; path = "back-icon@3x.png"; sourceTree = "<group>"; };
		27B27C96260D90D10065DD2C /* back-icon@2x.png */ = {isa = PBXFileReference; lastKnownFileType = image.png; path = "back-icon@2x.png"; sourceTree = "<group>"; };
		27B27C97260D90D10065DD2C /* back-icon.png */ = {isa = PBXFileReference; lastKnownFileType = image.png; path = "back-icon.png"; sourceTree = "<group>"; };
		27B27C98260D90D20065DD2C /* back-icon-mask.png */ = {isa = PBXFileReference; lastKnownFileType = image.png; path = "back-icon-mask.png"; sourceTree = "<group>"; };
		27B27C9E260D90D20065DD2C /* success.png */ = {isa = PBXFileReference; lastKnownFileType = image.png; path = success.png; sourceTree = "<group>"; };
		27B27CA0260D90D20065DD2C /* icon_pic.png */ = {isa = PBXFileReference; lastKnownFileType = image.png; path = icon_pic.png; sourceTree = "<group>"; };
		27B27CA1260D90D20065DD2C /* icon_close.png */ = {isa = PBXFileReference; lastKnownFileType = image.png; path = icon_close.png; sourceTree = "<group>"; };
		27B27CA6260D90D20065DD2C /* play.png */ = {isa = PBXFileReference; lastKnownFileType = image.png; path = play.png; sourceTree = "<group>"; };
		27B27CA7260D90D20065DD2C /* loading-warn.png */ = {isa = PBXFileReference; lastKnownFileType = image.png; path = "loading-warn.png"; sourceTree = "<group>"; };
		27B27CA8260D90D20065DD2C /* loading.png */ = {isa = PBXFileReference; lastKnownFileType = image.png; path = loading.png; sourceTree = "<group>"; };
		27B27CAC260D90D20065DD2C /* comm_form_icon_gouxuan.png */ = {isa = PBXFileReference; lastKnownFileType = image.png; path = comm_form_icon_gouxuan.png; sourceTree = "<group>"; };
		27B27CAD260D90D20065DD2C /* yz_prop_icon_arrow.png */ = {isa = PBXFileReference; lastKnownFileType = image.png; path = yz_prop_icon_arrow.png; sourceTree = "<group>"; };
		27B27CAE260D90D20065DD2C /* esf_calculator_img_building.png */ = {isa = PBXFileReference; lastKnownFileType = image.png; path = esf_calculator_img_building.png; sourceTree = "<group>"; };
		27B27CAF260D90D20065DD2C /* yz_prop_icon_arrow_white.png */ = {isa = PBXFileReference; lastKnownFileType = image.png; path = yz_prop_icon_arrow_white.png; sourceTree = "<group>"; };
		27B27CB0260D90D20065DD2C /* esf_calculator_icon_close.png */ = {isa = PBXFileReference; lastKnownFileType = image.png; path = esf_calculator_icon_close.png; sourceTree = "<group>"; };
		27B27CB1260D90D20065DD2C /* comm_form_icon_weigouxuan.png */ = {isa = PBXFileReference; lastKnownFileType = image.png; path = comm_form_icon_weigouxuan.png; sourceTree = "<group>"; };
		27B27CB2260D90D20065DD2C /* esf_calculator_icon_question.png */ = {isa = PBXFileReference; lastKnownFileType = image.png; path = esf_calculator_icon_question.png; sourceTree = "<group>"; };
		27B27CB3260D90D20065DD2C /* esf_calculator_img_percent.png */ = {isa = PBXFileReference; lastKnownFileType = image.png; path = esf_calculator_img_percent.png; sourceTree = "<group>"; };
		27B27CB4260D90D20065DD2C /* esf_calculator_img_mark.png */ = {isa = PBXFileReference; lastKnownFileType = image.png; path = esf_calculator_img_mark.png; sourceTree = "<group>"; };
		27B27CB5260D90D20065DD2C /* esf_calculator_img_bggradient.png */ = {isa = PBXFileReference; lastKnownFileType = image.png; path = esf_calculator_img_bggradient.png; sourceTree = "<group>"; };
		2F7E1F739FD90B19439CC029 /* Pods-taroDemo.debug.xcconfig */ = {isa = PBXFileReference; includeInIndex = 1; lastKnownFileType = text.xcconfig; name = "Pods-taroDemo.debug.xcconfig"; path = "Target Support Files/Pods-taroDemo/Pods-taroDemo.debug.xcconfig"; sourceTree = "<group>"; };
		3113A5C1242D017831479AB0 /* libPods-taroDemo-tvOSTests.a */ = {isa = PBXFileReference; explicitFileType = archive.ar; includeInIndex = 0; path = "libPods-taroDemo-tvOSTests.a"; sourceTree = BUILT_PRODUCTS_DIR; };
		35A389974BF329D180F8C2C6 /* Pods-taroDemo.release.xcconfig */ = {isa = PBXFileReference; includeInIndex = 1; lastKnownFileType = text.xcconfig; name = "Pods-taroDemo.release.xcconfig"; path = "Target Support Files/Pods-taroDemo/Pods-taroDemo.release.xcconfig"; sourceTree = "<group>"; };
		4092505E8D53203D7579B1B6 /* Pods-taroDemo-tvOSTests.debug.xcconfig */ = {isa = PBXFileReference; includeInIndex = 1; lastKnownFileType = text.xcconfig; name = "Pods-taroDemo-tvOSTests.debug.xcconfig"; path = "Target Support Files/Pods-taroDemo-tvOSTests/Pods-taroDemo-tvOSTests.debug.xcconfig"; sourceTree = "<group>"; };
		423E938D2B48920EA0ECD552 /* Pods-taroDemo-tvOS.release.xcconfig */ = {isa = PBXFileReference; includeInIndex = 1; lastKnownFileType = text.xcconfig; name = "Pods-taroDemo-tvOS.release.xcconfig"; path = "Target Support Files/Pods-taroDemo-tvOS/Pods-taroDemo-tvOS.release.xcconfig"; sourceTree = "<group>"; };
		6975C95C20C1A1A5A54FF57A /* Pods-taroDemo-taroDemoTests.release.xcconfig */ = {isa = PBXFileReference; includeInIndex = 1; lastKnownFileType = text.xcconfig; name = "Pods-taroDemo-taroDemoTests.release.xcconfig"; path = "Target Support Files/Pods-taroDemo-taroDemoTests/Pods-taroDemo-taroDemoTests.release.xcconfig"; sourceTree = "<group>"; };
		699C2FA1D4967DF42CCDE2EE /* libPods-taroDemo-tvOS.a */ = {isa = PBXFileReference; explicitFileType = archive.ar; includeInIndex = 0; path = "libPods-taroDemo-tvOS.a"; sourceTree = BUILT_PRODUCTS_DIR; };
		81AB9BB72411601600AC10FF /* LaunchScreen.storyboard */ = {isa = PBXFileReference; fileEncoding = 4; lastKnownFileType = file.storyboard; name = LaunchScreen.storyboard; path = taroDemo/LaunchScreen.storyboard; sourceTree = "<group>"; };
		8A3B488C0CB8DDF2E57BC378 /* Pods-taroDemo-tvOS.debug.xcconfig */ = {isa = PBXFileReference; includeInIndex = 1; lastKnownFileType = text.xcconfig; name = "Pods-taroDemo-tvOS.debug.xcconfig"; path = "Target Support Files/Pods-taroDemo-tvOS/Pods-taroDemo-tvOS.debug.xcconfig"; sourceTree = "<group>"; };
		9C654B1D0374E4BB9A25D614 /* Pods-taroDemo-taroDemoTests.debug.xcconfig */ = {isa = PBXFileReference; includeInIndex = 1; lastKnownFileType = text.xcconfig; name = "Pods-taroDemo-taroDemoTests.debug.xcconfig"; path = "Target Support Files/Pods-taroDemo-taroDemoTests/Pods-taroDemo-taroDemoTests.debug.xcconfig"; sourceTree = "<group>"; };
		9F1A400559474E7D88FAB0C8 /* libPods-taroDemo-taroDemoTests.a */ = {isa = PBXFileReference; explicitFileType = archive.ar; includeInIndex = 0; path = "libPods-taroDemo-taroDemoTests.a"; sourceTree = BUILT_PRODUCTS_DIR; };
		E24D309F9D45EA8F182473F5 /* Pods-taroDemo-tvOSTests.release.xcconfig */ = {isa = PBXFileReference; includeInIndex = 1; lastKnownFileType = text.xcconfig; name = "Pods-taroDemo-tvOSTests.release.xcconfig"; path = "Target Support Files/Pods-taroDemo-tvOSTests/Pods-taroDemo-tvOSTests.release.xcconfig"; sourceTree = "<group>"; };
		ED297162215061F000B7C4FE /* JavaScriptCore.framework */ = {isa = PBXFileReference; lastKnownFileType = wrapper.framework; name = JavaScriptCore.framework; path = System/Library/Frameworks/JavaScriptCore.framework; sourceTree = SDKROOT; };
		ED2971642150620600B7C4FE /* JavaScriptCore.framework */ = {isa = PBXFileReference; lastKnownFileType = wrapper.framework; name = JavaScriptCore.framework; path = Platforms/AppleTVOS.platform/Developer/SDKs/AppleTVOS12.0.sdk/System/Library/Frameworks/JavaScriptCore.framework; sourceTree = DEVELOPER_DIR; };
		FAD72A9FDA01C565E8774A2A /* libPods-taroDemo.a */ = {isa = PBXFileReference; explicitFileType = archive.ar; includeInIndex = 0; path = "libPods-taroDemo.a"; sourceTree = BUILT_PRODUCTS_DIR; };
/* End PBXFileReference section */

/* Begin PBXFrameworksBuildPhase section */
		13B07F8C1A680F5B00A75B9A /* Frameworks */ = {
			isa = PBXFrameworksBuildPhase;
			buildActionMask = 2147483647;
			files = (
				8C30C5B34B7375F09822F1CC /* libPods-taroDemo.a in Frameworks */,
			);
			runOnlyForDeploymentPostprocessing = 0;
		};
/* End PBXFrameworksBuildPhase section */

/* Begin PBXGroup section */
		00E356EF1AD99517003FC87E /* taroDemoTests */ = {
			isa = PBXGroup;
			children = (
				00E356F21AD99517003FC87E /* taroDemoTests.m */,
				00E356F01AD99517003FC87E /* Supporting Files */,
			);
			path = taroDemoTests;
			sourceTree = "<group>";
		};
		00E356F01AD99517003FC87E /* Supporting Files */ = {
			isa = PBXGroup;
			children = (
				00E356F11AD99517003FC87E /* Info.plist */,
			);
			name = "Supporting Files";
			sourceTree = "<group>";
		};
		13B07FAE1A68108700A75B9A /* taroDemo */ = {
			isa = PBXGroup;
			children = (
				27B27C8D260D90D10065DD2C /* assets */,
				27B27C8C260D90D10065DD2C /* main.jsbundle */,
				13B07FAF1A68108700A75B9A /* AppDelegate.h */,
				13B07FB01A68108700A75B9A /* AppDelegate.m */,
				13B07FB51A68108700A75B9A /* Images.xcassets */,
				13B07FB61A68108700A75B9A /* Info.plist */,
				81AB9BB72411601600AC10FF /* LaunchScreen.storyboard */,
				13B07FB71A68108700A75B9A /* main.m */,
			);
			name = taroDemo;
			sourceTree = "<group>";
		};
		27B27C8D260D90D10065DD2C /* assets */ = {
			isa = PBXGroup;
			children = (
				27B27C8E260D90D10065DD2C /* node_modules */,
				27B27CA9260D90D20065DD2C /* src */,
			);
			path = assets;
			sourceTree = "<group>";
		};
		27B27C8E260D90D10065DD2C /* node_modules */ = {
			isa = PBXGroup;
			children = (
				27B27C8F260D90D10065DD2C /* @react-navigation */,
				27B27C99260D90D20065DD2C /* @tarojs */,
			);
			path = node_modules;
			sourceTree = "<group>";
		};
		27B27C8F260D90D10065DD2C /* @react-navigation */ = {
			isa = PBXGroup;
			children = (
				27B27C90260D90D10065DD2C /* stack */,
			);
			path = "@react-navigation";
			sourceTree = "<group>";
		};
		27B27C90260D90D10065DD2C /* stack */ = {
			isa = PBXGroup;
			children = (
				27B27C91260D90D10065DD2C /* lib */,
			);
			path = stack;
			sourceTree = "<group>";
		};
		27B27C91260D90D10065DD2C /* lib */ = {
			isa = PBXGroup;
			children = (
				27B27C92260D90D10065DD2C /* commonjs */,
			);
			path = lib;
			sourceTree = "<group>";
		};
		27B27C92260D90D10065DD2C /* commonjs */ = {
			isa = PBXGroup;
			children = (
				27B27C93260D90D10065DD2C /* views */,
			);
			path = commonjs;
			sourceTree = "<group>";
		};
		27B27C93260D90D10065DD2C /* views */ = {
			isa = PBXGroup;
			children = (
				27B27C94260D90D10065DD2C /* assets */,
			);
			path = views;
			sourceTree = "<group>";
		};
		27B27C94260D90D10065DD2C /* assets */ = {
			isa = PBXGroup;
			children = (
				27B27C95260D90D10065DD2C /* back-icon@3x.png */,
				27B27C96260D90D10065DD2C /* back-icon@2x.png */,
				27B27C97260D90D10065DD2C /* back-icon.png */,
				27B27C98260D90D20065DD2C /* back-icon-mask.png */,
			);
			path = assets;
			sourceTree = "<group>";
		};
		27B27C99260D90D20065DD2C /* @tarojs */ = {
			isa = PBXGroup;
			children = (
				27B27C9A260D90D20065DD2C /* taro-rn */,
				27B27CA2260D90D20065DD2C /* components-rn */,
			);
			path = "@tarojs";
			sourceTree = "<group>";
		};
		27B27C9A260D90D20065DD2C /* taro-rn */ = {
			isa = PBXGroup;
			children = (
				27B27C9B260D90D20065DD2C /* dist */,
			);
			path = "taro-rn";
			sourceTree = "<group>";
		};
		27B27C9B260D90D20065DD2C /* dist */ = {
			isa = PBXGroup;
			children = (
				27B27C9C260D90D20065DD2C /* lib */,
			);
			path = dist;
			sourceTree = "<group>";
		};
		27B27C9C260D90D20065DD2C /* lib */ = {
			isa = PBXGroup;
			children = (
				27B27C9D260D90D20065DD2C /* showModal */,
				27B27C9F260D90D20065DD2C /* scanCode */,
			);
			path = lib;
			sourceTree = "<group>";
		};
		27B27C9D260D90D20065DD2C /* showModal */ = {
			isa = PBXGroup;
			children = (
				27B27C9E260D90D20065DD2C /* success.png */,
			);
			path = showModal;
			sourceTree = "<group>";
		};
		27B27C9F260D90D20065DD2C /* scanCode */ = {
			isa = PBXGroup;
			children = (
				27B27CA0260D90D20065DD2C /* icon_pic.png */,
				27B27CA1260D90D20065DD2C /* icon_close.png */,
			);
			path = scanCode;
			sourceTree = "<group>";
		};
		27B27CA2260D90D20065DD2C /* components-rn */ = {
			isa = PBXGroup;
			children = (
				27B27CA3260D90D20065DD2C /* dist */,
			);
			path = "components-rn";
			sourceTree = "<group>";
		};
		27B27CA3260D90D20065DD2C /* dist */ = {
			isa = PBXGroup;
			children = (
				27B27CA4260D90D20065DD2C /* assets */,
			);
			path = dist;
			sourceTree = "<group>";
		};
		27B27CA4260D90D20065DD2C /* assets */ = {
			isa = PBXGroup;
			children = (
				27B27CA5260D90D20065DD2C /* video */,
				27B27CA7260D90D20065DD2C /* loading-warn.png */,
				27B27CA8260D90D20065DD2C /* loading.png */,
			);
			path = assets;
			sourceTree = "<group>";
		};
		27B27CA5260D90D20065DD2C /* video */ = {
			isa = PBXGroup;
			children = (
				27B27CA6260D90D20065DD2C /* play.png */,
			);
			path = video;
			sourceTree = "<group>";
		};
		27B27CA9260D90D20065DD2C /* src */ = {
			isa = PBXGroup;
			children = (
				27B27CAA260D90D20065DD2C /* assets */,
			);
			path = src;
			sourceTree = "<group>";
		};
		27B27CAA260D90D20065DD2C /* assets */ = {
			isa = PBXGroup;
			children = (
				27B27CAB260D90D20065DD2C /* images */,
			);
			path = assets;
			sourceTree = "<group>";
		};
		27B27CAB260D90D20065DD2C /* images */ = {
			isa = PBXGroup;
			children = (
				27B27CAC260D90D20065DD2C /* comm_form_icon_gouxuan.png */,
				27B27CAD260D90D20065DD2C /* yz_prop_icon_arrow.png */,
				27B27CAE260D90D20065DD2C /* esf_calculator_img_building.png */,
				27B27CAF260D90D20065DD2C /* yz_prop_icon_arrow_white.png */,
				27B27CB0260D90D20065DD2C /* esf_calculator_icon_close.png */,
				27B27CB1260D90D20065DD2C /* comm_form_icon_weigouxuan.png */,
				27B27CB2260D90D20065DD2C /* esf_calculator_icon_question.png */,
				27B27CB3260D90D20065DD2C /* esf_calculator_img_percent.png */,
				27B27CB4260D90D20065DD2C /* esf_calculator_img_mark.png */,
				27B27CB5260D90D20065DD2C /* esf_calculator_img_bggradient.png */,
			);
			path = images;
			sourceTree = "<group>";
		};
		2D16E6871FA4F8E400B85C8A /* Frameworks */ = {
			isa = PBXGroup;
			children = (
				ED297162215061F000B7C4FE /* JavaScriptCore.framework */,
				ED2971642150620600B7C4FE /* JavaScriptCore.framework */,
				FAD72A9FDA01C565E8774A2A /* libPods-taroDemo.a */,
				9F1A400559474E7D88FAB0C8 /* libPods-taroDemo-taroDemoTests.a */,
				699C2FA1D4967DF42CCDE2EE /* libPods-taroDemo-tvOS.a */,
				3113A5C1242D017831479AB0 /* libPods-taroDemo-tvOSTests.a */,
			);
			name = Frameworks;
			sourceTree = "<group>";
		};
		832341AE1AAA6A7D00B99B32 /* Libraries */ = {
			isa = PBXGroup;
			children = (
			);
			name = Libraries;
			sourceTree = "<group>";
		};
		83CBB9F61A601CBA00E9B192 = {
			isa = PBXGroup;
			children = (
				13B07FAE1A68108700A75B9A /* taroDemo */,
				832341AE1AAA6A7D00B99B32 /* Libraries */,
				00E356EF1AD99517003FC87E /* taroDemoTests */,
				83CBBA001A601CBA00E9B192 /* Products */,
				2D16E6871FA4F8E400B85C8A /* Frameworks */,
				E0936EB45C0261C27B1F375D /* Pods */,
			);
			indentWidth = 2;
			sourceTree = "<group>";
			tabWidth = 2;
			usesTabs = 0;
		};
		83CBBA001A601CBA00E9B192 /* Products */ = {
			isa = PBXGroup;
			children = (
				13B07F961A680F5B00A75B9A /* taroDemo.app */,
			);
			name = Products;
			sourceTree = "<group>";
		};
		E0936EB45C0261C27B1F375D /* Pods */ = {
			isa = PBXGroup;
			children = (
				2F7E1F739FD90B19439CC029 /* Pods-taroDemo.debug.xcconfig */,
				35A389974BF329D180F8C2C6 /* Pods-taroDemo.release.xcconfig */,
				9C654B1D0374E4BB9A25D614 /* Pods-taroDemo-taroDemoTests.debug.xcconfig */,
				6975C95C20C1A1A5A54FF57A /* Pods-taroDemo-taroDemoTests.release.xcconfig */,
				8A3B488C0CB8DDF2E57BC378 /* Pods-taroDemo-tvOS.debug.xcconfig */,
				423E938D2B48920EA0ECD552 /* Pods-taroDemo-tvOS.release.xcconfig */,
				4092505E8D53203D7579B1B6 /* Pods-taroDemo-tvOSTests.debug.xcconfig */,
				E24D309F9D45EA8F182473F5 /* Pods-taroDemo-tvOSTests.release.xcconfig */,
			);
			path = Pods;
			sourceTree = "<group>";
		};
/* End PBXGroup section */

/* Begin PBXNativeTarget section */
		13B07F861A680F5B00A75B9A /* taroDemo */ = {
			isa = PBXNativeTarget;
			buildConfigurationList = 13B07F931A680F5B00A75B9A /* Build configuration list for PBXNativeTarget "taroDemo" */;
			buildPhases = (
				9E5FC2D844E14CC95C46F8C7 /* [CP] Check Pods Manifest.lock */,
				FD10A7F022414F080027D42C /* Start Packager */,
				13B07F871A680F5B00A75B9A /* Sources */,
				13B07F8C1A680F5B00A75B9A /* Frameworks */,
				13B07F8E1A680F5B00A75B9A /* Resources */,
				00DD1BFF1BD5951E006B06BC /* Bundle React Native code and images */,
				FD2960E72630789B9D20A7ED /* [CP] Copy Pods Resources */,
			);
			buildRules = (
			);
			dependencies = (
			);
			name = taroDemo;
			productName = taroDemo;
			productReference = 13B07F961A680F5B00A75B9A /* taroDemo.app */;
			productType = "com.apple.product-type.application";
		};
/* End PBXNativeTarget section */

/* Begin PBXProject section */
		83CBB9F71A601CBA00E9B192 /* Project object */ = {
			isa = PBXProject;
			attributes = {
				LastUpgradeCheck = 1130;
				TargetAttributes = {
					13B07F861A680F5B00A75B9A = {
						DevelopmentTeam = RNPBCAGY6B;
						LastSwiftMigration = 1120;
						ProvisioningStyle = Manual;
					};
				};
			};
			buildConfigurationList = 83CBB9FA1A601CBA00E9B192 /* Build configuration list for PBXProject "taroDemo" */;
			compatibilityVersion = "Xcode 3.2";
			developmentRegion = en;
			hasScannedForEncodings = 0;
			knownRegions = (
				en,
				Base,
			);
			mainGroup = 83CBB9F61A601CBA00E9B192;
			productRefGroup = 83CBBA001A601CBA00E9B192 /* Products */;
			projectDirPath = "";
			projectRoot = "";
			targets = (
				13B07F861A680F5B00A75B9A /* taroDemo */,
			);
		};
/* End PBXProject section */

/* Begin PBXResourcesBuildPhase section */
		13B07F8E1A680F5B00A75B9A /* Resources */ = {
			isa = PBXResourcesBuildPhase;
			buildActionMask = 2147483647;
			files = (
				27B27CB6260D90D20065DD2C /* main.jsbundle in Resources */,
				27B27CBC260D90D20065DD2C /* icon_pic.png in Resources */,
				27B27CC7260D90D20065DD2C /* esf_calculator_icon_question.png in Resources */,
				27B27CC6260D90D20065DD2C /* comm_form_icon_weigouxuan.png in Resources */,
				27B27CC3260D90D20065DD2C /* esf_calculator_img_building.png in Resources */,
				27B27CC8260D90D20065DD2C /* esf_calculator_img_percent.png in Resources */,
				27B27CB7260D90D20065DD2C /* back-icon@3x.png in Resources */,
				27B27CBD260D90D20065DD2C /* icon_close.png in Resources */,
				27B27CC2260D90D20065DD2C /* yz_prop_icon_arrow.png in Resources */,
				81AB9BB82411601600AC10FF /* LaunchScreen.storyboard in Resources */,
				13B07FBF1A68108700A75B9A /* Images.xcassets in Resources */,
				27B27CC5260D90D20065DD2C /* esf_calculator_icon_close.png in Resources */,
				27B27CC1260D90D20065DD2C /* comm_form_icon_gouxuan.png in Resources */,
				27B27CBA260D90D20065DD2C /* back-icon-mask.png in Resources */,
				27B27CBE260D90D20065DD2C /* play.png in Resources */,
				27B27CCA260D90D20065DD2C /* esf_calculator_img_bggradient.png in Resources */,
				27B27CC9260D90D20065DD2C /* esf_calculator_img_mark.png in Resources */,
				27B27CB8260D90D20065DD2C /* back-icon@2x.png in Resources */,
				27B27CB9260D90D20065DD2C /* back-icon.png in Resources */,
				27B27CBF260D90D20065DD2C /* loading-warn.png in Resources */,
				27B27CBB260D90D20065DD2C /* success.png in Resources */,
				27B27CC4260D90D20065DD2C /* yz_prop_icon_arrow_white.png in Resources */,
				27B27CC0260D90D20065DD2C /* loading.png in Resources */,
			);
			runOnlyForDeploymentPostprocessing = 0;
		};
/* End PBXResourcesBuildPhase section */

/* Begin PBXShellScriptBuildPhase section */
		00DD1BFF1BD5951E006B06BC /* Bundle React Native code and images */ = {
			isa = PBXShellScriptBuildPhase;
			buildActionMask = 8;
			files = (
			);
			inputPaths = (
			);
			name = "Bundle React Native code and images";
			outputPaths = (
			);
			runOnlyForDeploymentPostprocessing = 1;
			shellPath = /bin/sh;
			shellScript = "export NODE_BINARY=node\n../node_modules/react-native/scripts/react-native-xcode.sh\n";
		};
		9E5FC2D844E14CC95C46F8C7 /* [CP] Check Pods Manifest.lock */ = {
			isa = PBXShellScriptBuildPhase;
			buildActionMask = 2147483647;
			files = (
			);
			inputFileListPaths = (
			);
			inputPaths = (
				"${PODS_PODFILE_DIR_PATH}/Podfile.lock",
				"${PODS_ROOT}/Manifest.lock",
			);
			name = "[CP] Check Pods Manifest.lock";
			outputFileListPaths = (
			);
			outputPaths = (
				"$(DERIVED_FILE_DIR)/Pods-taroDemo-checkManifestLockResult.txt",
			);
			runOnlyForDeploymentPostprocessing = 0;
			shellPath = /bin/sh;
			shellScript = "diff \"${PODS_PODFILE_DIR_PATH}/Podfile.lock\" \"${PODS_ROOT}/Manifest.lock\" > /dev/null\nif [ $? != 0 ] ; then\n    # print error to STDERR\n    echo \"error: The sandbox is not in sync with the Podfile.lock. Run 'pod install' or update your CocoaPods installation.\" >&2\n    exit 1\nfi\n# This output is used by Xcode 'outputs' to avoid re-running this script phase.\necho \"SUCCESS\" > \"${SCRIPT_OUTPUT_FILE_0}\"\n";
			showEnvVarsInLog = 0;
		};
		FD10A7F022414F080027D42C /* Start Packager */ = {
			isa = PBXShellScriptBuildPhase;
			buildActionMask = 2147483647;
			files = (
			);
			inputFileListPaths = (
			);
			inputPaths = (
			);
			name = "Start Packager";
			outputFileListPaths = (
			);
			outputPaths = (
			);
			runOnlyForDeploymentPostprocessing = 0;
			shellPath = /bin/sh;
			shellScript = "export RCT_METRO_PORT=\"${RCT_METRO_PORT:=8081}\"\necho \"export RCT_METRO_PORT=${RCT_METRO_PORT}\" > \"${SRCROOT}/../node_modules/react-native/scripts/.packager.env\"\nif [ -z \"${RCT_NO_LAUNCH_PACKAGER+xxx}\" ] ; then\n  if nc -w 5 -z localhost ${RCT_METRO_PORT} ; then\n    if ! curl -s \"http://localhost:${RCT_METRO_PORT}/status\" | grep -q \"packager-status:running\" ; then\n      echo \"Port ${RCT_METRO_PORT} already in use, packager is either not running or not running correctly\"\n      exit 2\n    fi\n  else\n    open \"$SRCROOT/../node_modules/react-native/scripts/launchPackager.command\" || echo \"Can't start packager automatically\"\n  fi\nfi\n";
			showEnvVarsInLog = 0;
		};
		FD2960E72630789B9D20A7ED /* [CP] Copy Pods Resources */ = {
			isa = PBXShellScriptBuildPhase;
			buildActionMask = 2147483647;
			files = (
			);
			inputPaths = (
				"${PODS_ROOT}/Target Support Files/Pods-taroDemo/Pods-taroDemo-resources.sh",
				"${PODS_CONFIGURATION_BUILD_DIR}/React-Core/AccessibilityResources.bundle",
				"${PODS_ROOT}/TZImagePickerController/TZImagePickerController/TZImagePickerController/TZImagePickerController.bundle",
			);
			name = "[CP] Copy Pods Resources";
			outputPaths = (
				"${TARGET_BUILD_DIR}/${UNLOCALIZED_RESOURCES_FOLDER_PATH}/AccessibilityResources.bundle",
				"${TARGET_BUILD_DIR}/${UNLOCALIZED_RESOURCES_FOLDER_PATH}/TZImagePickerController.bundle",
			);
			runOnlyForDeploymentPostprocessing = 0;
			shellPath = /bin/sh;
			shellScript = "\"${PODS_ROOT}/Target Support Files/Pods-taroDemo/Pods-taroDemo-resources.sh\"\n";
			showEnvVarsInLog = 0;
		};
/* End PBXShellScriptBuildPhase section */

/* Begin PBXSourcesBuildPhase section */
		13B07F871A680F5B00A75B9A /* Sources */ = {
			isa = PBXSourcesBuildPhase;
			buildActionMask = 2147483647;
			files = (
				13B07FBC1A68108700A75B9A /* AppDelegate.m in Sources */,
				13B07FC11A68108700A75B9A /* main.m in Sources */,
			);
			runOnlyForDeploymentPostprocessing = 0;
		};
/* End PBXSourcesBuildPhase section */

/* Begin XCBuildConfiguration section */
		13B07F941A680F5B00A75B9A /* Debug */ = {
			isa = XCBuildConfiguration;
			baseConfigurationReference = 2F7E1F739FD90B19439CC029 /* Pods-taroDemo.debug.xcconfig */;
			buildSettings = {
				ASSETCATALOG_COMPILER_APPICON_NAME = AppIcon;
				CLANG_ENABLE_MODULES = YES;
				CODE_SIGN_IDENTITY = "iPhone Developer: Yunfeng Shen (VKPX9N87L2)";
				CODE_SIGN_STYLE = Manual;
				CURRENT_PROJECT_VERSION = 1;
				DEVELOPMENT_TEAM = RNPBCAGY6B;
				ENABLE_BITCODE = NO;
				INFOPLIST_FILE = taroDemo/Info.plist;
				LD_RUNPATH_SEARCH_PATHS = "$(inherited) @executable_path/Frameworks";
				OTHER_LDFLAGS = (
					"$(inherited)",
					"-ObjC",
					"-lc++",
				);
				PRODUCT_BUNDLE_IDENTIFIER = cn.jikejia.jikejia;
				PRODUCT_NAME = taroDemo;
				PROVISIONING_PROFILE_SPECIFIER = jikejia_DEV_profile;
				SWIFT_OPTIMIZATION_LEVEL = "-Onone";
				SWIFT_VERSION = 5.0;
				VERSIONING_SYSTEM = "apple-generic";
			};
			name = Debug;
		};
		13B07F951A680F5B00A75B9A /* Release */ = {
			isa = XCBuildConfiguration;
			baseConfigurationReference = 35A389974BF329D180F8C2C6 /* Pods-taroDemo.release.xcconfig */;
			buildSettings = {
				ASSETCATALOG_COMPILER_APPICON_NAME = AppIcon;
				CLANG_ENABLE_MODULES = YES;
				CODE_SIGN_IDENTITY = "iPhone Distribution";
				CODE_SIGN_STYLE = Manual;
				CURRENT_PROJECT_VERSION = 1;
				DEVELOPMENT_TEAM = RNPBCAGY6B;
				INFOPLIST_FILE = taroDemo/Info.plist;
				LD_RUNPATH_SEARCH_PATHS = "$(inherited) @executable_path/Frameworks";
				OTHER_LDFLAGS = (
					"$(inherited)",
					"-ObjC",
					"-lc++",
				);
				PRODUCT_BUNDLE_IDENTIFIER = cn.jikejia.jikejia;
				PRODUCT_NAME = taroDemo;
				PROVISIONING_PROFILE_SPECIFIER = JikeJia_Product_20210325;
				SWIFT_VERSION = 5.0;
				VERSIONING_SYSTEM = "apple-generic";
			};
			name = Release;
		};
		83CBBA201A601CBA00E9B192 /* Debug */ = {
			isa = XCBuildConfiguration;
			buildSettings = {
				ALWAYS_SEARCH_USER_PATHS = NO;
				CLANG_ANALYZER_LOCALIZABILITY_NONLOCALIZED = YES;
				CLANG_CXX_LANGUAGE_STANDARD = "gnu++0x";
				CLANG_CXX_LIBRARY = "libc++";
				CLANG_ENABLE_MODULES = YES;
				CLANG_ENABLE_OBJC_ARC = YES;
				CLANG_WARN_BLOCK_CAPTURE_AUTORELEASING = YES;
				CLANG_WARN_BOOL_CONVERSION = YES;
				CLANG_WARN_COMMA = YES;
				CLANG_WARN_CONSTANT_CONVERSION = YES;
				CLANG_WARN_DEPRECATED_OBJC_IMPLEMENTATIONS = YES;
				CLANG_WARN_DIRECT_OBJC_ISA_USAGE = YES_ERROR;
				CLANG_WARN_EMPTY_BODY = YES;
				CLANG_WARN_ENUM_CONVERSION = YES;
				CLANG_WARN_INFINITE_RECURSION = YES;
				CLANG_WARN_INT_CONVERSION = YES;
				CLANG_WARN_NON_LITERAL_NULL_CONVERSION = YES;
				CLANG_WARN_OBJC_IMPLICIT_RETAIN_SELF = YES;
				CLANG_WARN_OBJC_LITERAL_CONVERSION = YES;
				CLANG_WARN_OBJC_ROOT_CLASS = YES_ERROR;
				CLANG_WARN_RANGE_LOOP_ANALYSIS = YES;
				CLANG_WARN_STRICT_PROTOTYPES = YES;
				CLANG_WARN_SUSPICIOUS_MOVE = YES;
				CLANG_WARN_UNREACHABLE_CODE = YES;
				CLANG_WARN__DUPLICATE_METHOD_MATCH = YES;
				"CODE_SIGN_IDENTITY[sdk=iphoneos*]" = "iPhone Developer";
				COPY_PHASE_STRIP = NO;
				ENABLE_STRICT_OBJC_MSGSEND = YES;
				ENABLE_TESTABILITY = YES;
				GCC_C_LANGUAGE_STANDARD = gnu99;
				GCC_DYNAMIC_NO_PIC = NO;
				GCC_NO_COMMON_BLOCKS = YES;
				GCC_OPTIMIZATION_LEVEL = 0;
				GCC_PREPROCESSOR_DEFINITIONS = (
					"DEBUG=1",
					"$(inherited)",
				);
				GCC_SYMBOLS_PRIVATE_EXTERN = NO;
				GCC_WARN_64_TO_32_BIT_CONVERSION = YES;
				GCC_WARN_ABOUT_RETURN_TYPE = YES_ERROR;
				GCC_WARN_UNDECLARED_SELECTOR = YES;
				GCC_WARN_UNINITIALIZED_AUTOS = YES_AGGRESSIVE;
				GCC_WARN_UNUSED_FUNCTION = YES;
				GCC_WARN_UNUSED_VARIABLE = YES;
				IPHONEOS_DEPLOYMENT_TARGET = 10.0;
				LD_RUNPATH_SEARCH_PATHS = "/usr/lib/swift $(inherited)";
				LIBRARY_SEARCH_PATHS = (
					"\"$(TOOLCHAIN_DIR)/usr/lib/swift/$(PLATFORM_NAME)\"",
					"\"$(TOOLCHAIN_DIR)/usr/lib/swift-5.0/$(PLATFORM_NAME)\"",
					"\"$(inherited)\"",
				);
				MTL_ENABLE_DEBUG_INFO = YES;
				ONLY_ACTIVE_ARCH = YES;
				SDKROOT = iphoneos;
			};
			name = Debug;
		};
		83CBBA211A601CBA00E9B192 /* Release */ = {
			isa = XCBuildConfiguration;
			buildSettings = {
				ALWAYS_SEARCH_USER_PATHS = NO;
				CLANG_ANALYZER_LOCALIZABILITY_NONLOCALIZED = YES;
				CLANG_CXX_LANGUAGE_STANDARD = "gnu++0x";
				CLANG_CXX_LIBRARY = "libc++";
				CLANG_ENABLE_MODULES = YES;
				CLANG_ENABLE_OBJC_ARC = YES;
				CLANG_WARN_BLOCK_CAPTURE_AUTORELEASING = YES;
				CLANG_WARN_BOOL_CONVERSION = YES;
				CLANG_WARN_COMMA = YES;
				CLANG_WARN_CONSTANT_CONVERSION = YES;
				CLANG_WARN_DEPRECATED_OBJC_IMPLEMENTATIONS = YES;
				CLANG_WARN_DIRECT_OBJC_ISA_USAGE = YES_ERROR;
				CLANG_WARN_EMPTY_BODY = YES;
				CLANG_WARN_ENUM_CONVERSION = YES;
				CLANG_WARN_INFINITE_RECURSION = YES;
				CLANG_WARN_INT_CONVERSION = YES;
				CLANG_WARN_NON_LITERAL_NULL_CONVERSION = YES;
				CLANG_WARN_OBJC_IMPLICIT_RETAIN_SELF = YES;
				CLANG_WARN_OBJC_LITERAL_CONVERSION = YES;
				CLANG_WARN_OBJC_ROOT_CLASS = YES_ERROR;
				CLANG_WARN_RANGE_LOOP_ANALYSIS = YES;
				CLANG_WARN_STRICT_PROTOTYPES = YES;
				CLANG_WARN_SUSPICIOUS_MOVE = YES;
				CLANG_WARN_UNREACHABLE_CODE = YES;
				CLANG_WARN__DUPLICATE_METHOD_MATCH = YES;
				"CODE_SIGN_IDENTITY[sdk=iphoneos*]" = "iPhone Developer";
				COPY_PHASE_STRIP = YES;
				ENABLE_NS_ASSERTIONS = NO;
				ENABLE_STRICT_OBJC_MSGSEND = YES;
				GCC_C_LANGUAGE_STANDARD = gnu99;
				GCC_NO_COMMON_BLOCKS = YES;
				GCC_WARN_64_TO_32_BIT_CONVERSION = YES;
				GCC_WARN_ABOUT_RETURN_TYPE = YES_ERROR;
				GCC_WARN_UNDECLARED_SELECTOR = YES;
				GCC_WARN_UNINITIALIZED_AUTOS = YES_AGGRESSIVE;
				GCC_WARN_UNUSED_FUNCTION = YES;
				GCC_WARN_UNUSED_VARIABLE = YES;
				IPHONEOS_DEPLOYMENT_TARGET = 10.0;
				LD_RUNPATH_SEARCH_PATHS = "/usr/lib/swift $(inherited)";
				LIBRARY_SEARCH_PATHS = (
					"\"$(TOOLCHAIN_DIR)/usr/lib/swift/$(PLATFORM_NAME)\"",
					"\"$(TOOLCHAIN_DIR)/usr/lib/swift-5.0/$(PLATFORM_NAME)\"",
					"\"$(inherited)\"",
				);
				MTL_ENABLE_DEBUG_INFO = NO;
				SDKROOT = iphoneos;
				VALIDATE_PRODUCT = YES;
			};
			name = Release;
		};
/* End XCBuildConfiguration section */

/* Begin XCConfigurationList section */
		13B07F931A680F5B00A75B9A /* Build configuration list for PBXNativeTarget "taroDemo" */ = {
			isa = XCConfigurationList;
			buildConfigurations = (
				13B07F941A680F5B00A75B9A /* Debug */,
				13B07F951A680F5B00A75B9A /* Release */,
			);
			defaultConfigurationIsVisible = 0;
			defaultConfigurationName = Release;
		};
		83CBB9FA1A601CBA00E9B192 /* Build configuration list for PBXProject "taroDemo" */ = {
			isa = XCConfigurationList;
			buildConfigurations = (
				83CBBA201A601CBA00E9B192 /* Debug */,
				83CBBA211A601CBA00E9B192 /* Release */,
			);
			defaultConfigurationIsVisible = 0;
			defaultConfigurationName = Release;
		};
/* End XCConfigurationList section */
	};
	rootObject = 83CBB9F71A601CBA00E9B192 /* Project object */;
}
